<?xml version="1.0" encoding="utf-8"?>
<Project ToolsVersion="4.0" xmlns="http://schemas.microsoft.com/developer/msbuild/2003">
  <ItemGroup>
    <Filter Include="Source Files">
      <UniqueIdentifier>{4FC737F1-C7A5-4376-A066-2A32D752A2FF}</UniqueIdentifier>
      <Extensions>cpp;c;cc;cxx;c++;cppm;ixx;def;odl;idl;hpj;bat;asm;asmx</Extensions>
    </Filter>
    <Filter Include="Header Files">
      <UniqueIdentifier>{93995380-89BD-4b04-88EB-625FBE52EBFB}</UniqueIdentifier>
      <Extensions>h;hh;hpp;hxx;h++;hm;inl;inc;ipp;xsd</Extensions>
    </Filter>
    <Filter Include="Resource Files">
      <UniqueIdentifier>{67DA6AB6-F800-4c08-8B7A-83BB121AAD01}</UniqueIdentifier>
      <Extensions>rc;ico;cur;bmp;dlg;rc2;rct;bin;rgs;gif;jpg;jpeg;jpe;resx;tiff;tif;png;wav;mfcribbon-ms</Extensions>
    </Filter>
    <Filter Include="libs">
      <UniqueIdentifier>{4784dd90-fee2-47e9-a0a0-cef16131c832}</UniqueIdentifier>
    </Filter>
    <Filter Include="Source Files\Translator">
      <UniqueIdentifier>{62d7fa53-6649-413f-a104-f3343cc749f2}</UniqueIdentifier>
    </Filter>
    <Filter Include="Source Files\Font">
      <UniqueIdentifier>{92ed832f-54af-46a2-a76e-2a8fafb01702}</UniqueIdentifier>
    </Filter>
    <Filter Include="Source Files\INIReader">
      <UniqueIdentifier>{70673228-cee6-489a-8a37-4b8c754df2ee}</UniqueIdentifier>
    </Filter>
    <Filter Include="Source Files\Font\SDFontLib">
      <UniqueIdentifier>{a294a1f8-f7ee-4c2e-8407-cc4a94a61d24}</UniqueIdentifier>
    </Filter>
  </ItemGroup>
  <ItemGroup>
    <ClInclude Include="Hooks.h">
      <Filter>Source Files</Filter>
    </ClInclude>
    <ClInclude Include="SWFTypes.h">
      <Filter>Source Files</Filter>
    </ClInclude>
    <ClInclude Include="dllmain.h">
      <Filter>Source Files</Filter>
    </ClInclude>
    <ClInclude Include="FileSystemHook.h">
      <Filter>Source Files</Filter>
    </ClInclude>
    <ClInclude Include="HookLib.h">
      <Filter>Source Files</Filter>
    </ClInclude>
    <ClInclude Include="Logger.h">
      <Filter>Source Files</Filter>
    </ClInclude>
    <ClInclude Include="StringHooks.h">
      <Filter>Source Files</Filter>
    </ClInclude>
    <ClInclude Include="XMem.h">
      <Filter>Source Files</Filter>
    </ClInclude>
    <ClInclude Include="grcImage.h">
      <Filter>Source Files</Filter>
    </ClInclude>
    <ClInclude Include="AssertLib.h">
      <Filter>Header Files</Filter>
    </ClInclude>
    <ClInclude Include="DXLib.h">
      <Filter>Header Files</Filter>
    </ClInclude>
    <ClInclude Include="TextureChanger.h">
      <Filter>Source Files</Filter>
    </ClInclude>
    <ClInclude Include="TextureLib.h">
      <Filter>Source Files</Filter>
    </ClInclude>
    <ClInclude Include="ISystem.h">
      <Filter>Header Files</Filter>
    </ClInclude>
    <ClInclude Include="Application.h">
      <Filter>Source Files</Filter>
    </ClInclude>
    <ClInclude Include="SystemManager.h">
      <Filter>Source Files</Filter>
    </ClInclude>
    <ClInclude Include="StringLib.h">
      <Filter>Source Files</Filter>
    </ClInclude>
    <ClInclude Include="RenderHook.h">
      <Filter>Source Files</Filter>
    </ClInclude>
    <ClInclude Include="Rage.h">
      <Filter>Header Files</Filter>
    </ClInclude>
    <ClInclude Include="..\SDFontLib\Glyph.h">
      <Filter>Source Files\Font\SDFontLib</Filter>
    </ClInclude>
    <ClInclude Include="..\SDFontLib\SDFont.h">
      <Filter>Source Files\Font\SDFontLib</Filter>
    </ClInclude>
    <ClInclude Include="TextTranslator.h">
      <Filter>Source Files\Translator</Filter>
    </ClInclude>
    <ClInclude Include="TextTranslateFile.h">
      <Filter>Source Files\Translator</Filter>
    </ClInclude>
    <ClInclude Include="FontReplacer.h">
      <Filter>Source Files\Font</Filter>
    </ClInclude>
    <ClInclude Include="FileLib.h">
      <Filter>Source Files</Filter>
    </ClInclude>
    <ClInclude Include="CustomFontSDF.h">
      <Filter>Source Files\Font</Filter>
    </ClInclude>
    <ClInclude Include="ModLoaderConfig.h">
      <Filter>Source Files</Filter>
    </ClInclude>
    <ClInclude Include="INIReader.h">
      <Filter>Source Files\INIReader</Filter>
    </ClInclude>
    <ClInclude Include="ini.h">
      <Filter>Source Files\INIReader</Filter>
    </ClInclude>
    <ClInclude Include="FontConfig.h">
      <Filter>Source Files\Font</Filter>
    </ClInclude>
    <ClInclude Include="FontManager.h">
      <Filter>Source Files\Font</Filter>
    </ClInclude>
    <ClInclude Include="StringTypes.h">
      <Filter>Source Files</Filter>
    </ClInclude>
  </ItemGroup>
  <ItemGroup>
    <ClCompile Include="dllmain.cpp">
      <Filter>Source Files</Filter>
    </ClCompile>
    <ClCompile Include="Hooks.cpp">
      <Filter>Source Files</Filter>
    </ClCompile>
    <ClCompile Include="Logger.cpp">
      <Filter>Source Files</Filter>
    </ClCompile>
    <ClCompile Include="SWFTypes.cpp">
      <Filter>Source Files</Filter>
    </ClCompile>
    <ClCompile Include="XMem.cpp">
      <Filter>Source Files</Filter>
    </ClCompile>
    <ClCompile Include="StringHooks.cpp">
      <Filter>Source Files</Filter>
    </ClCompile>
    <ClCompile Include="HookLib.cpp">
      <Filter>Source Files</Filter>
    </ClCompile>
    <ClCompile Include="FileSystemHook.cpp">
      <Filter>Source Files</Filter>
    </ClCompile>
    <ClCompile Include="grcImage.cpp">
      <Filter>Source Files</Filter>
    </ClCompile>
    <ClCompile Include="DXLib.cpp">
      <Filter>Source Files</Filter>
    </ClCompile>
    <ClCompile Include="TextureChanger.cpp">
      <Filter>Source Files</Filter>
    </ClCompile>
    <ClCompile Include="TextureLib.cpp">
      <Filter>Source Files</Filter>
    </ClCompile>
    <ClCompile Include="StringLib.cpp">
      <Filter>Source Files</Filter>
    </ClCompile>
    <ClCompile Include="ISystem.cpp">
      <Filter>Source Files</Filter>
    </ClCompile>
    <ClCompile Include="SystemManager.cpp">
      <Filter>Source Files</Filter>
    </ClCompile>
    <ClCompile Include="Application.cpp">
      <Filter>Source Files</Filter>
    </ClCompile>
    <ClCompile Include="RenderHook.cpp">
      <Filter>Source Files</Filter>
    </ClCompile>
    <ClCompile Include="Rage.cpp">
      <Filter>Source Files</Filter>
    </ClCompile>
    <ClCompile Include="..\SDFontLib\Glyph.cpp">
      <Filter>Source Files\Font\SDFontLib</Filter>
    </ClCompile>
    <ClCompile Include="..\SDFontLib\SDFont.cpp">
      <Filter>Source Files\Font\SDFontLib</Filter>
    </ClCompile>
    <ClCompile Include="TextTranslator.cpp">
      <Filter>Source Files\Translator</Filter>
    </ClCompile>
    <ClCompile Include="TextTranslateFile.cpp">
      <Filter>Source Files\Translator</Filter>
    </ClCompile>
    <ClCompile Include="FileLib.cpp">
      <Filter>Source Files</Filter>
    </ClCompile>
    <ClCompile Include="FontReplacer.cpp">
      <Filter>Source Files\Font</Filter>
    </ClCompile>
    <ClCompile Include="CustomFontSDF.cpp">
      <Filter>Source Files\Font</Filter>
    </ClCompile>
    <ClCompile Include="ModLoaderConfig.cpp">
      <Filter>Source Files</Filter>
    </ClCompile>
    <ClCompile Include="INIReader.cpp">
      <Filter>Source Files\INIReader</Filter>
    </ClCompile>
    <ClCompile Include="ini.c">
      <Filter>Source Files\INIReader</Filter>
    </ClCompile>
    <ClCompile Include="FontConfig.cpp">
      <Filter>Source Files\Font</Filter>
    </ClCompile>
    <ClCompile Include="FontManager.cpp">
      <Filter>Source Files\Font</Filter>
    </ClCompile>
    <ClCompile Include="StringTypes.cpp">
      <Filter>Source Files</Filter>
    </ClCompile>
  </ItemGroup>
  <ItemGroup>
    <Library Include="libs\ScriptHookRDR.lib">
      <Filter>libs</Filter>
    </Library>
    <Library Include="libs\libMinHook.x64.lib">
      <Filter>libs</Filter>
    </Library>
  </ItemGroup>
  <ItemGroup>
    <None Include="PostBuild.cmd" />
    <None Include="packages.config" />
  </ItemGroup>
</Project>